
Microsoft Visual Studio Solution File, Format Version 12.00
# Visual Studio Version 17
VisualStudioVersion = 17.5.33502.453
MinimumVisualStudioVersion = 10.0.40219.1
Project("{FAE04EC0-301F-11D3-BF4B-00C04F79EFBC}") = "1639. Number of Ways to Form a Target String Given a Dictionary", "LeetCodeDaily\1639. Number of Ways to Form a Target String Given a Dictionary.csproj", "{297C6F7C-05C2-422F-AC8A-E95C992B1C27}"
EndProject
Project("{9A19103F-16F7-4668-BE54-9A1E7A4F7556}") = "1431. Kids With the Greatest Number of Candies", "1431. Kids With the Greatest Number of Candies\1431. Kids With the Greatest Number of Candies.csproj", "{975CF055-247E-4871-B05E-2A9DF18FE7D3}"
EndProject
Project("{9A19103F-16F7-4668-BE54-9A1E7A4F7556}") = "1768. Merge Strings Alternately", "1768. Merge Strings Alternately\1768. Merge Strings Alternately.csproj", "{2561E306-1BF9-4412-B0A8-47C3DCFE7EC0}"
EndProject
Project("{9A19103F-16F7-4668-BE54-9A1E7A4F7556}") = "1372. Longest ZigZag Path in a Binary Tree", "1372. Longest ZigZag Path in a Binary Tree\1372. Longest ZigZag Path in a Binary Tree.csproj", "{17FB3E3F-2FB1-4D55-ABD3-9CC42DF368BA}"
EndProject
Project("{9A19103F-16F7-4668-BE54-9A1E7A4F7556}") = "662. Maximum Width of Binary Tree", "662. Maximum Width of Binary Tree\662. Maximum Width of Binary Tree.csproj", "{AA7B5452-5160-43CF-908D-E3F8726553B9}"
EndProject
Project("{9A19103F-16F7-4668-BE54-9A1E7A4F7556}") = "879. Profitable Schemes", "879. Profitable Schemes\879. Profitable Schemes.csproj", "{62A985BD-75DA-4BA4-9A80-6242240765F6}"
EndProject
Project("{9A19103F-16F7-4668-BE54-9A1E7A4F7556}") = "1143. Longest Common Subsequence", "1143. Longest Common Subsequence\1143. Longest Common Subsequence.csproj", "{6BA50999-9C7B-4D64-91C1-A5FEB1B86683}"
EndProject
Project("{9A19103F-16F7-4668-BE54-9A1E7A4F7556}") = "516. Longest Palindromic Subsequence", "516. Longest Palindromic Subsequence\516. Longest Palindromic Subsequence.csproj", "{B936D721-897D-4558-8825-F447D4A80D4A}"
EndProject
Project("{9A19103F-16F7-4668-BE54-9A1E7A4F7556}") = "1312.Minimum Insertion Steps to Make a String Palindrome", "1312.Minimum Insertion Steps to Make a String Palindrome\1312.Minimum Insertion Steps to Make a String Palindrome.csproj", "{BCF7D519-1B34-4E8A-9B2F-34E3A5E3AA30}"
EndProject
Project("{9A19103F-16F7-4668-BE54-9A1E7A4F7556}") = "1416. Restore The Array", "1416. Restore The Array\1416. Restore The Array.csproj", "{D298E64E-CAA9-4666-A468-DB6BF6031075}"
EndProject
Project("{9A19103F-16F7-4668-BE54-9A1E7A4F7556}") = "1046. Last Stone Weight", "1046. Last Stone Weight\1046. Last Stone Weight.csproj", "{C51F4DC7-4083-4AED-A1F1-52BB211E3495}"
EndProject
Project("{9A19103F-16F7-4668-BE54-9A1E7A4F7556}") = "509. Fibonacci Number", "509. Fibonacci Number\509. Fibonacci Number.csproj", "{6302EAB2-1468-4FE8-870D-C337D251D0D0}"
EndProject
Project("{9A19103F-16F7-4668-BE54-9A1E7A4F7556}") = "70. Climbing Stairs", "70. Climbing Stairs\70. Climbing Stairs.csproj", "{53D391A4-9504-4F2A-9D66-5D15BE6ED925}"
EndProject
Project("{9A19103F-16F7-4668-BE54-9A1E7A4F7556}") = "746. Min Cost Climbing Stairs", "746. Min Cost Climbing Stairs\746. Min Cost Climbing Stairs.csproj", "{871F3182-5DD7-449D-B7AF-66D6890F93CC}"
EndProject
Project("{FAE04EC0-301F-11D3-BF4B-00C04F79EFBC}") = "2498. Frog Jump II", "2498. Frog Jump II\2498. Frog Jump II.csproj", "{020C0F16-2652-49EB-BF8C-F8689C0CFE49}"
EndProject
Project("{9A19103F-16F7-4668-BE54-9A1E7A4F7556}") = "338. Counting Bits", "338. Counting Bits\338. Counting Bits.csproj", "{22AB8B41-191F-4ABF-9B6E-DBFAD30A1D04}"
EndProject
Project("{9A19103F-16F7-4668-BE54-9A1E7A4F7556}") = "2336. Smallest Number in Infinite Set", "2336. Smallest Number in Infinite Set\2336. Smallest Number in Infinite Set.csproj", "{E05AF817-FD49-4685-AE04-FA57E6511EA5}"
EndProject
Project("{FAE04EC0-301F-11D3-BF4B-00C04F79EFBC}") = "198. House Robber", "198. House Robber\198. House Robber.csproj", "{CA7FFF42-16A1-4B14-9BF0-522B69DBF8BC}"
EndProject
Global
	GlobalSection(SolutionConfigurationPlatforms) = preSolution
		Debug|Any CPU = Debug|Any CPU
		Release|Any CPU = Release|Any CPU
	EndGlobalSection
	GlobalSection(ProjectConfigurationPlatforms) = postSolution
		{297C6F7C-05C2-422F-AC8A-E95C992B1C27}.Debug|Any CPU.ActiveCfg = Debug|Any CPU
		{297C6F7C-05C2-422F-AC8A-E95C992B1C27}.Debug|Any CPU.Build.0 = Debug|Any CPU
		{297C6F7C-05C2-422F-AC8A-E95C992B1C27}.Release|Any CPU.ActiveCfg = Release|Any CPU
		{297C6F7C-05C2-422F-AC8A-E95C992B1C27}.Release|Any CPU.Build.0 = Release|Any CPU
		{975CF055-247E-4871-B05E-2A9DF18FE7D3}.Debug|Any CPU.ActiveCfg = Debug|Any CPU
		{975CF055-247E-4871-B05E-2A9DF18FE7D3}.Debug|Any CPU.Build.0 = Debug|Any CPU
		{975CF055-247E-4871-B05E-2A9DF18FE7D3}.Release|Any CPU.ActiveCfg = Release|Any CPU
		{975CF055-247E-4871-B05E-2A9DF18FE7D3}.Release|Any CPU.Build.0 = Release|Any CPU
		{2561E306-1BF9-4412-B0A8-47C3DCFE7EC0}.Debug|Any CPU.ActiveCfg = Debug|Any CPU
		{2561E306-1BF9-4412-B0A8-47C3DCFE7EC0}.Debug|Any CPU.Build.0 = Debug|Any CPU
		{2561E306-1BF9-4412-B0A8-47C3DCFE7EC0}.Release|Any CPU.ActiveCfg = Release|Any CPU
		{2561E306-1BF9-4412-B0A8-47C3DCFE7EC0}.Release|Any CPU.Build.0 = Release|Any CPU
		{17FB3E3F-2FB1-4D55-ABD3-9CC42DF368BA}.Debug|Any CPU.ActiveCfg = Debug|Any CPU
		{17FB3E3F-2FB1-4D55-ABD3-9CC42DF368BA}.Debug|Any CPU.Build.0 = Debug|Any CPU
		{17FB3E3F-2FB1-4D55-ABD3-9CC42DF368BA}.Release|Any CPU.ActiveCfg = Release|Any CPU
		{17FB3E3F-2FB1-4D55-ABD3-9CC42DF368BA}.Release|Any CPU.Build.0 = Release|Any CPU
		{AA7B5452-5160-43CF-908D-E3F8726553B9}.Debug|Any CPU.ActiveCfg = Debug|Any CPU
		{AA7B5452-5160-43CF-908D-E3F8726553B9}.Debug|Any CPU.Build.0 = Debug|Any CPU
		{AA7B5452-5160-43CF-908D-E3F8726553B9}.Release|Any CPU.ActiveCfg = Release|Any CPU
		{AA7B5452-5160-43CF-908D-E3F8726553B9}.Release|Any CPU.Build.0 = Release|Any CPU
		{62A985BD-75DA-4BA4-9A80-6242240765F6}.Debug|Any CPU.ActiveCfg = Debug|Any CPU
		{62A985BD-75DA-4BA4-9A80-6242240765F6}.Debug|Any CPU.Build.0 = Debug|Any CPU
		{62A985BD-75DA-4BA4-9A80-6242240765F6}.Release|Any CPU.ActiveCfg = Release|Any CPU
		{62A985BD-75DA-4BA4-9A80-6242240765F6}.Release|Any CPU.Build.0 = Release|Any CPU
		{6BA50999-9C7B-4D64-91C1-A5FEB1B86683}.Debug|Any CPU.ActiveCfg = Debug|Any CPU
		{6BA50999-9C7B-4D64-91C1-A5FEB1B86683}.Debug|Any CPU.Build.0 = Debug|Any CPU
		{6BA50999-9C7B-4D64-91C1-A5FEB1B86683}.Release|Any CPU.ActiveCfg = Release|Any CPU
		{6BA50999-9C7B-4D64-91C1-A5FEB1B86683}.Release|Any CPU.Build.0 = Release|Any CPU
		{B936D721-897D-4558-8825-F447D4A80D4A}.Debug|Any CPU.ActiveCfg = Debug|Any CPU
		{B936D721-897D-4558-8825-F447D4A80D4A}.Debug|Any CPU.Build.0 = Debug|Any CPU
		{B936D721-897D-4558-8825-F447D4A80D4A}.Release|Any CPU.ActiveCfg = Release|Any CPU
		{B936D721-897D-4558-8825-F447D4A80D4A}.Release|Any CPU.Build.0 = Release|Any CPU
		{BCF7D519-1B34-4E8A-9B2F-34E3A5E3AA30}.Debug|Any CPU.ActiveCfg = Debug|Any CPU
		{BCF7D519-1B34-4E8A-9B2F-34E3A5E3AA30}.Debug|Any CPU.Build.0 = Debug|Any CPU
		{BCF7D519-1B34-4E8A-9B2F-34E3A5E3AA30}.Release|Any CPU.ActiveCfg = Release|Any CPU
		{BCF7D519-1B34-4E8A-9B2F-34E3A5E3AA30}.Release|Any CPU.Build.0 = Release|Any CPU
		{D298E64E-CAA9-4666-A468-DB6BF6031075}.Debug|Any CPU.ActiveCfg = Debug|Any CPU
		{D298E64E-CAA9-4666-A468-DB6BF6031075}.Debug|Any CPU.Build.0 = Debug|Any CPU
		{D298E64E-CAA9-4666-A468-DB6BF6031075}.Release|Any CPU.ActiveCfg = Release|Any CPU
		{D298E64E-CAA9-4666-A468-DB6BF6031075}.Release|Any CPU.Build.0 = Release|Any CPU
		{C51F4DC7-4083-4AED-A1F1-52BB211E3495}.Debug|Any CPU.ActiveCfg = Debug|Any CPU
		{C51F4DC7-4083-4AED-A1F1-52BB211E3495}.Debug|Any CPU.Build.0 = Debug|Any CPU
		{C51F4DC7-4083-4AED-A1F1-52BB211E3495}.Release|Any CPU.ActiveCfg = Release|Any CPU
		{C51F4DC7-4083-4AED-A1F1-52BB211E3495}.Release|Any CPU.Build.0 = Release|Any CPU
		{6302EAB2-1468-4FE8-870D-C337D251D0D0}.Debug|Any CPU.ActiveCfg = Debug|Any CPU
		{6302EAB2-1468-4FE8-870D-C337D251D0D0}.Debug|Any CPU.Build.0 = Debug|Any CPU
		{6302EAB2-1468-4FE8-870D-C337D251D0D0}.Release|Any CPU.ActiveCfg = Release|Any CPU
		{6302EAB2-1468-4FE8-870D-C337D251D0D0}.Release|Any CPU.Build.0 = Release|Any CPU
		{53D391A4-9504-4F2A-9D66-5D15BE6ED925}.Debug|Any CPU.ActiveCfg = Debug|Any CPU
		{53D391A4-9504-4F2A-9D66-5D15BE6ED925}.Debug|Any CPU.Build.0 = Debug|Any CPU
		{53D391A4-9504-4F2A-9D66-5D15BE6ED925}.Release|Any CPU.ActiveCfg = Release|Any CPU
		{53D391A4-9504-4F2A-9D66-5D15BE6ED925}.Release|Any CPU.Build.0 = Release|Any CPU
		{871F3182-5DD7-449D-B7AF-66D6890F93CC}.Debug|Any CPU.ActiveCfg = Debug|Any CPU
		{871F3182-5DD7-449D-B7AF-66D6890F93CC}.Debug|Any CPU.Build.0 = Debug|Any CPU
		{871F3182-5DD7-449D-B7AF-66D6890F93CC}.Release|Any CPU.ActiveCfg = Release|Any CPU
		{871F3182-5DD7-449D-B7AF-66D6890F93CC}.Release|Any CPU.Build.0 = Release|Any CPU
		{020C0F16-2652-49EB-BF8C-F8689C0CFE49}.Debug|Any CPU.ActiveCfg = Debug|Any CPU
		{020C0F16-2652-49EB-BF8C-F8689C0CFE49}.Debug|Any CPU.Build.0 = Debug|Any CPU
		{020C0F16-2652-49EB-BF8C-F8689C0CFE49}.Release|Any CPU.ActiveCfg = Release|Any CPU
		{020C0F16-2652-49EB-BF8C-F8689C0CFE49}.Release|Any CPU.Build.0 = Release|Any CPU
		{22AB8B41-191F-4ABF-9B6E-DBFAD30A1D04}.Debug|Any CPU.ActiveCfg = Debug|Any CPU
		{22AB8B41-191F-4ABF-9B6E-DBFAD30A1D04}.Debug|Any CPU.Build.0 = Debug|Any CPU
		{22AB8B41-191F-4ABF-9B6E-DBFAD30A1D04}.Release|Any CPU.ActiveCfg = Release|Any CPU
		{22AB8B41-191F-4ABF-9B6E-DBFAD30A1D04}.Release|Any CPU.Build.0 = Release|Any CPU
		{E05AF817-FD49-4685-AE04-FA57E6511EA5}.Debug|Any CPU.ActiveCfg = Debug|Any CPU
		{E05AF817-FD49-4685-AE04-FA57E6511EA5}.Debug|Any CPU.Build.0 = Debug|Any CPU
		{E05AF817-FD49-4685-AE04-FA57E6511EA5}.Release|Any CPU.ActiveCfg = Release|Any CPU
		{E05AF817-FD49-4685-AE04-FA57E6511EA5}.Release|Any CPU.Build.0 = Release|Any CPU
		{CA7FFF42-16A1-4B14-9BF0-522B69DBF8BC}.Debug|Any CPU.ActiveCfg = Debug|Any CPU
		{CA7FFF42-16A1-4B14-9BF0-522B69DBF8BC}.Debug|Any CPU.Build.0 = Debug|Any CPU
		{CA7FFF42-16A1-4B14-9BF0-522B69DBF8BC}.Release|Any CPU.ActiveCfg = Release|Any CPU
		{CA7FFF42-16A1-4B14-9BF0-522B69DBF8BC}.Release|Any CPU.Build.0 = Release|Any CPU
	EndGlobalSection
	GlobalSection(SolutionProperties) = preSolution
		HideSolutionNode = FALSE
	EndGlobalSection
	GlobalSection(ExtensibilityGlobals) = postSolution
		SolutionGuid = {50820F1B-F75C-4B05-BA98-A36F8C175265}
	EndGlobalSection
EndGlobal
