
Microsoft Visual Studio Solution File, Format Version 12.00
# Visual Studio Version 17
VisualStudioVersion = 17.5.33502.453
MinimumVisualStudioVersion = 10.0.40219.1
Project("{FAE04EC0-301F-11D3-BF4B-00C04F79EFBC}") = "1639. Number of Ways to Form a Target String Given a Dictionary", "LeetCodeDaily\1639. Number of Ways to Form a Target String Given a Dictionary.csproj", "{297C6F7C-05C2-422F-AC8A-E95C992B1C27}"
EndProject
Project("{FAE04EC0-301F-11D3-BF4B-00C04F79EFBC}") = "1431. Kids With the Greatest Number of Candies", "1431. Kids With the Greatest Number of Candies\1431. Kids With the Greatest Number of Candies.csproj", "{975CF055-247E-4871-B05E-2A9DF18FE7D3}"
EndProject
Global
	GlobalSection(SolutionConfigurationPlatforms) = preSolution
		Debug|Any CPU = Debug|Any CPU
		Release|Any CPU = Release|Any CPU
	EndGlobalSection
	GlobalSection(ProjectConfigurationPlatforms) = postSolution
		{297C6F7C-05C2-422F-AC8A-E95C992B1C27}.Debug|Any CPU.ActiveCfg = Debug|Any CPU
		{297C6F7C-05C2-422F-AC8A-E95C992B1C27}.Debug|Any CPU.Build.0 = Debug|Any CPU
		{297C6F7C-05C2-422F-AC8A-E95C992B1C27}.Release|Any CPU.ActiveCfg = Release|Any CPU
		{297C6F7C-05C2-422F-AC8A-E95C992B1C27}.Release|Any CPU.Build.0 = Release|Any CPU
		{975CF055-247E-4871-B05E-2A9DF18FE7D3}.Debug|Any CPU.ActiveCfg = Debug|Any CPU
		{975CF055-247E-4871-B05E-2A9DF18FE7D3}.Debug|Any CPU.Build.0 = Debug|Any CPU
		{975CF055-247E-4871-B05E-2A9DF18FE7D3}.Release|Any CPU.ActiveCfg = Release|Any CPU
		{975CF055-247E-4871-B05E-2A9DF18FE7D3}.Release|Any CPU.Build.0 = Release|Any CPU
	EndGlobalSection
	GlobalSection(SolutionProperties) = preSolution
		HideSolutionNode = FALSE
	EndGlobalSection
	GlobalSection(ExtensibilityGlobals) = postSolution
		SolutionGuid = {50820F1B-F75C-4B05-BA98-A36F8C175265}
	EndGlobalSection
EndGlobal
