
Microsoft Visual Studio Solution File, Format Version 12.00
# Visual Studio Version 16
VisualStudioVersion = 25.0.1705.3
MinimumVisualStudioVersion = 10.0.40219.1
Project("{FAE04EC0-301F-11D3-BF4B-00C04F79EFBC}") = "1431. Kids With the Greatest Number of Candies", "1431. Kids With the Greatest Number of Candies.csproj", "{09E441F9-CF86-4FD5-B6B3-05209065F857}"
EndProject
Global
	GlobalSection(SolutionConfigurationPlatforms) = preSolution
		Debug|Any CPU = Debug|Any CPU
		Release|Any CPU = Release|Any CPU
	EndGlobalSection
	GlobalSection(ProjectConfigurationPlatforms) = postSolution
		{09E441F9-CF86-4FD5-B6B3-05209065F857}.Debug|Any CPU.ActiveCfg = Debug|Any CPU
		{09E441F9-CF86-4FD5-B6B3-05209065F857}.Debug|Any CPU.Build.0 = Debug|Any CPU
		{09E441F9-CF86-4FD5-B6B3-05209065F857}.Release|Any CPU.ActiveCfg = Release|Any CPU
		{09E441F9-CF86-4FD5-B6B3-05209065F857}.Release|Any CPU.Build.0 = Release|Any CPU
	EndGlobalSection
	GlobalSection(SolutionProperties) = preSolution
		HideSolutionNode = FALSE
	EndGlobalSection
	GlobalSection(ExtensibilityGlobals) = postSolution
		SolutionGuid = {8AC50406-33CF-4DD6-8AA8-F76EB0CCA7EA}
	EndGlobalSection
EndGlobal
