
Microsoft Visual Studio Solution File, Format Version 12.00
# Visual Studio Version 16
VisualStudioVersion = 25.0.1705.4
MinimumVisualStudioVersion = 10.0.40219.1
Project("{FAE04EC0-301F-11D3-BF4B-00C04F79EFBC}") = "1768. Merge Strings Alternately", "1768. Merge Strings Alternately.csproj", "{CE912F59-16E7-46C5-A4B0-80CF2D897759}"
EndProject
Global
	GlobalSection(SolutionConfigurationPlatforms) = preSolution
		Debug|Any CPU = Debug|Any CPU
		Release|Any CPU = Release|Any CPU
	EndGlobalSection
	GlobalSection(ProjectConfigurationPlatforms) = postSolution
		{CE912F59-16E7-46C5-A4B0-80CF2D897759}.Debug|Any CPU.ActiveCfg = Debug|Any CPU
		{CE912F59-16E7-46C5-A4B0-80CF2D897759}.Debug|Any CPU.Build.0 = Debug|Any CPU
		{CE912F59-16E7-46C5-A4B0-80CF2D897759}.Release|Any CPU.ActiveCfg = Release|Any CPU
		{CE912F59-16E7-46C5-A4B0-80CF2D897759}.Release|Any CPU.Build.0 = Release|Any CPU
	EndGlobalSection
	GlobalSection(SolutionProperties) = preSolution
		HideSolutionNode = FALSE
	EndGlobalSection
	GlobalSection(ExtensibilityGlobals) = postSolution
		SolutionGuid = {54D164FF-124A-4123-B3A7-EFC089E34194}
	EndGlobalSection
EndGlobal
